{
  "name": "Presente da Miku",
  "lockfileVersion": 3,
  "requires": true,
  "packages": {
    "": {
      "dependencies": {
        "@supabase/supabase-js": "^2.106.1",
        "toastify-js": "^1.12.0",
        "tom-select": "^2.6.1"
      }
    },
    "node_modules/@orchidjs/sifter": {
      "version": "1.1.0",
      "resolved": "https://registry.npmjs.org/@orchidjs/sifter/-/sifter-1.1.0.tgz",
      "integrity": "sha512-mYwHCfr736cIWWdhhSZvDbf90AKt2xyrJspKFC3qyIJG1LtrJeJunYEqCGG4Aq2ijENbc4WkOjszcvNaIAS/pQ==",
      "license": "Apache-2.0",
      "dependencies": {
        "@orchidjs/unicode-variants": "^1.1.2"
      }
    },
    "node_modules/@orchidjs/unicode-variants": {
      "version": "1.1.2",
      "resolved": "https://registry.npmjs.org/@orchidjs/unicode-variants/-/unicode-variants-1.1.2.tgz",
      "integrity": "sha512-5DobW1CHgnBROOEpFlEXytED5OosEWESFvg/VYmH0143oXcijYTprRYJTs+55HzGM4IqxiLFSuqEzu9mPNwVsA==",
      "license": "Apache-2.0"
    },
    "node_modules/@supabase/auth-js": {
      "version": "2.106.1",
      "resolved": "https://registry.npmjs.org/@supabase/auth-js/-/auth-js-2.106.1.tgz",
      "integrity": "sha512-7eyheXfAGwkB9bZewJPs+N3UYt6kra2JG6mIxNEgbkvcO15PLD1e75PTIUEYYl3zrifm3GrpShVl7QZxKrXO/w==",
      "license": "MIT",
      "dependencies": {
        "tslib": "2.8.1"
      },
      "engines": {
        "node": ">=20.0.0"
      }
    },
    "node_modules/@supabase/functions-js": {
      "version": "2.106.1",
      "resolved": "https://registry.npmjs.org/@supabase/functions-js/-/functions-js-2.106.1.tgz",
      "integrity": "sha512-XbOPnR2mW7jp/EcW447xmGwCa+/Wc00Hkw8t4tUIJjRsHQ4xAESsLKcyLRhRJjJoUnJVXUlC+w0wUxUCM7CG2A==",
      "license": "MIT",
      "dependencies": {
        "tslib": "2.8.1"
      },
      "engines": {
        "node": ">=20.0.0"
      }
    },
    "node_modules/@supabase/phoenix": {
      "version": "0.4.2",
      "resolved": "https://registry.npmjs.org/@supabase/phoenix/-/phoenix-0.4.2.tgz",
      "integrity": "sha512-YSAGnmDAfuleFCVt3CeurQZAhxRfXWeZIIkwp7NhYzQ1UwW6ePSnzsFAiUm/mbCkfoCf70QQHKW/K6RKh52a4A==",
      "license": "MIT"
    },
    "node_modules/@supabase/postgrest-js": {
      "version": "2.106.1",
      "resolved": "https://registry.npmjs.org/@supabase/postgrest-js/-/postgrest-js-2.106.1.tgz",
      "integrity": "sha512-Qbn6d2lqiqeaBX1Uko0e/hL90dtQGRN6CG2wMVQtJpRFstlVW45qmUTyTOsiB8dYUWu1fWYo4YzJuDbokGv3tQ==",
      "license": "MIT",
      "dependencies": {
        "tslib": "2.8.1"
      },
      "engines": {
        "node": ">=20.0.0"
      }
    },
    "node_modules/@supabase/realtime-js": {
      "version": "2.106.1",
      "resolved": "https://registry.npmjs.org/@supabase/realtime-js/-/realtime-js-2.106.1.tgz",
      "integrity": "sha512-eQCYri5E8KsjpDgC7g28cOOS2britjUWdNSJluFMainqrMRepzjOnaxqXc3RoAz7H0dxmBrfLUNF6NGP8C+YaA==",
      "license": "MIT",
      "dependencies": {
        "@supabase/phoenix": "^0.4.2",
        "tslib": "2.8.1"
      },
      "engines": {
        "node": ">=20.0.0"
      }
    },
    "node_modules/@supabase/storage-js": {
      "version": "2.106.1",
      "resolved": "https://registry.npmjs.org/@supabase/storage-js/-/storage-js-2.106.1.tgz",
      "integrity": "sha512-HWcLIhqinhWKpOQ3WzglR2unjW0eh9J7yOu3IZrZNIEkraK4La/HDvTqndljGsNw0itPtyHhuKBxRoPG1VUARw==",
      "license": "MIT",
      "dependencies": {
        "iceberg-js": "^0.8.1",
        "tslib": "2.8.1"
      },
      "engines": {
        "node": ">=20.0.0"
      }
    },
    "node_modules/@supabase/supabase-js": {
      "version": "2.106.1",
      "resolved": "https://registry.npmjs.org/@supabase/supabase-js/-/supabase-js-2.106.1.tgz",
      "integrity": "sha512-gP4HurGkGu7Z3xoOCjtAI17BKKp7jpsmwY0Ssbsks9XQRzJ7ZhK7LxfLdBSYgUdgZCQgjRK+Mr7+cl4Gxrk0Rw==",
      "license": "MIT",
      "dependencies": {
        "@supabase/auth-js": "2.106.1",
        "@supabase/functions-js": "2.106.1",
        "@supabase/postgrest-js": "2.106.1",
        "@supabase/realtime-js": "2.106.1",
        "@supabase/storage-js": "2.106.1"
      },
      "engines": {
        "node": ">=20.0.0"
      }
    },
    "node_modules/iceberg-js": {
      "version": "0.8.1",
      "resolved": "https://registry.npmjs.org/iceberg-js/-/iceberg-js-0.8.1.tgz",
      "integrity": "sha512-1dhVQZXhcHje7798IVM+xoo/1ZdVfzOMIc8/rgVSijRK38EDqOJoGula9N/8ZI5RD8QTxNQtK/Gozpr+qUqRRA==",
      "license": "MIT",
      "engines": {
        "node": ">=20.0.0"
      }
    },
    "node_modules/toastify-js": {
      "version": "1.12.0",
      "resolved": "https://registry.npmjs.org/toastify-js/-/toastify-js-1.12.0.tgz",
      "integrity": "sha512-HeMHCO9yLPvP9k0apGSdPUWrUbLnxUKNFzgUoZp1PHCLploIX/4DSQ7V8H25ef+h4iO9n0he7ImfcndnN6nDrQ==",
      "license": "MIT"
    },
    "node_modules/tom-select": {
      "version": "2.6.1",
      "resolved": "https://registry.npmjs.org/tom-select/-/tom-select-2.6.1.tgz",
      "integrity": "sha512-d/1kngVOQTGcI/2pVDfDLYjtjUgSSd3fSgkYUpi0y+yRtQQu2kzljj3aUdqMfqc45cjPvDEpfDt/hSX4awDFTg==",
      "license": "Apache-2.0",
      "dependencies": {
        "@orchidjs/sifter": "^1.1.0",
        "@orchidjs/unicode-variants": "^1.1.2"
      },
      "engines": {
        "node": "*"
      },
      "funding": {
        "type": "opencollective",
        "url": "https://opencollective.com/tom-select"
      }
    },
    "node_modules/tslib": {
      "version": "2.8.1",
      "resolved": "https://registry.npmjs.org/tslib/-/tslib-2.8.1.tgz",
      "integrity": "sha512-oJFu94HQb+KVduSUQL7wnpmqnfmLsOA/nAh6b6EH0wCEoK0/mPeXU6c3wKDV83MkOuHPRHtSXKKU99IBazS/2w==",
      "license": "0BSD"
    }
  }
}
